
Microsoft Visual Studio Solution File, Format Version 12.00
Project("{2150E333-8FDC-42A3-9474-1A3956D46DE8}") = "BaseTypes", "BaseTypes", "{62157410-A5A9-414B-BAE2-E8B60A33D7C9}"
EndProject
Project("{FAE04EC0-301F-11D3-BF4B-00C04F79EFBC}") = "BaseTypes", "Infrastructure\BaseTypes\BaseTypes.csproj", "{7DAE0B1D-19CA-499A-A3AF-AC5318FBCD91}"
EndProject
Project("{2150E333-8FDC-42A3-9474-1A3956D46DE8}") = "Infrastructure", "Infrastructure", "{2E6AE49F-F644-49FC-BC9B-370EC371FBDA}"
EndProject
Project("{2150E333-8FDC-42A3-9474-1A3956D46DE8}") = "Vehicle", "Vehicle", "{DD7619C9-6D88-4E87-9723-1CB2E48389F3}"
EndProject
Project("{2150E333-8FDC-42A3-9474-1A3956D46DE8}") = "Services", "Services", "{A569207A-4CD0-4EEA-8604-4DA819F73E32}"
EndProject
Project("{FAE04EC0-301F-11D3-BF4B-00C04F79EFBC}") = "Vehicle.Api", "Services\Vehicle\Vehicle.Api\Vehicle.Api.csproj", "{4CFF426E-2F1B-44E7-B025-4D8E11F7A25C}"
EndProject
Project("{FAE04EC0-301F-11D3-BF4B-00C04F79EFBC}") = "Vehicle.Svc", "Services\Vehicle\Vehicle.Svc\Vehicle.Svc.csproj", "{276083CD-D5C6-412D-9ECD-5C18FEF05C77}"
EndProject
Project("{FAE04EC0-301F-11D3-BF4B-00C04F79EFBC}") = "Vehicle.Contract", "Services\Vehicle\Vehicle.Contract\Vehicle.Contract.csproj", "{DD47442B-4C90-497A-9509-36E6EE84277B}"
EndProject
Project("{FAE04EC0-301F-11D3-BF4B-00C04F79EFBC}") = "WebClient", "WebClient\WebClient.csproj", "{937E96BB-5A19-4A71-B9F3-ABDDFB111DDA}"
EndProject
Project("{2150E333-8FDC-42A3-9474-1A3956D46DE8}") = "Tests", "Tests", "{597B6C2D-C697-43CD-A7CF-5CFBC3D0966F}"
EndProject
Project("{FAE04EC0-301F-11D3-BF4B-00C04F79EFBC}") = "VehicleTests", "Services\Vehicle\Tests\VehicleTests\VehicleTests.csproj", "{EAD60A94-9525-4B09-9432-1F89EB3C17A2}"
EndProject
Project("{2150E333-8FDC-42A3-9474-1A3956D46DE8}") = "CliTools", "CliTools", "{51A04D9D-4017-4BE8-B0C4-042FEBBDEF69}"
EndProject
Project("{FAE04EC0-301F-11D3-BF4B-00C04F79EFBC}") = "Generator", "CliTools\Generator\Generator.csproj", "{0AC815D8-14F5-4016-B160-0D7743C21B25}"
EndProject
Project("{FAE04EC0-301F-11D3-BF4B-00C04F79EFBC}") = "Vehicle.Api.Module", "Services\Vehicle\Vehicle.Api.Module\Vehicle.Api.Module.csproj", "{EB3B0E3A-0785-4239-985F-301E8899EEB5}"
EndProject
Global
	GlobalSection(SolutionConfigurationPlatforms) = preSolution
		Debug|Any CPU = Debug|Any CPU
		Release|Any CPU = Release|Any CPU
	EndGlobalSection
	GlobalSection(ProjectConfigurationPlatforms) = postSolution
		{7DAE0B1D-19CA-499A-A3AF-AC5318FBCD91}.Debug|Any CPU.ActiveCfg = Debug|Any CPU
		{7DAE0B1D-19CA-499A-A3AF-AC5318FBCD91}.Debug|Any CPU.Build.0 = Debug|Any CPU
		{7DAE0B1D-19CA-499A-A3AF-AC5318FBCD91}.Release|Any CPU.ActiveCfg = Release|Any CPU
		{7DAE0B1D-19CA-499A-A3AF-AC5318FBCD91}.Release|Any CPU.Build.0 = Release|Any CPU
		{4CFF426E-2F1B-44E7-B025-4D8E11F7A25C}.Debug|Any CPU.ActiveCfg = Debug|Any CPU
		{4CFF426E-2F1B-44E7-B025-4D8E11F7A25C}.Debug|Any CPU.Build.0 = Debug|Any CPU
		{4CFF426E-2F1B-44E7-B025-4D8E11F7A25C}.Release|Any CPU.ActiveCfg = Release|Any CPU
		{4CFF426E-2F1B-44E7-B025-4D8E11F7A25C}.Release|Any CPU.Build.0 = Release|Any CPU
		{276083CD-D5C6-412D-9ECD-5C18FEF05C77}.Debug|Any CPU.ActiveCfg = Debug|Any CPU
		{276083CD-D5C6-412D-9ECD-5C18FEF05C77}.Debug|Any CPU.Build.0 = Debug|Any CPU
		{276083CD-D5C6-412D-9ECD-5C18FEF05C77}.Release|Any CPU.ActiveCfg = Release|Any CPU
		{276083CD-D5C6-412D-9ECD-5C18FEF05C77}.Release|Any CPU.Build.0 = Release|Any CPU
		{DD47442B-4C90-497A-9509-36E6EE84277B}.Debug|Any CPU.ActiveCfg = Debug|Any CPU
		{DD47442B-4C90-497A-9509-36E6EE84277B}.Debug|Any CPU.Build.0 = Debug|Any CPU
		{DD47442B-4C90-497A-9509-36E6EE84277B}.Release|Any CPU.ActiveCfg = Release|Any CPU
		{DD47442B-4C90-497A-9509-36E6EE84277B}.Release|Any CPU.Build.0 = Release|Any CPU
		{937E96BB-5A19-4A71-B9F3-ABDDFB111DDA}.Debug|Any CPU.ActiveCfg = Debug|Any CPU
		{937E96BB-5A19-4A71-B9F3-ABDDFB111DDA}.Debug|Any CPU.Build.0 = Debug|Any CPU
		{937E96BB-5A19-4A71-B9F3-ABDDFB111DDA}.Release|Any CPU.ActiveCfg = Release|Any CPU
		{937E96BB-5A19-4A71-B9F3-ABDDFB111DDA}.Release|Any CPU.Build.0 = Release|Any CPU
		{EAD60A94-9525-4B09-9432-1F89EB3C17A2}.Debug|Any CPU.ActiveCfg = Debug|Any CPU
		{EAD60A94-9525-4B09-9432-1F89EB3C17A2}.Debug|Any CPU.Build.0 = Debug|Any CPU
		{EAD60A94-9525-4B09-9432-1F89EB3C17A2}.Release|Any CPU.ActiveCfg = Release|Any CPU
		{EAD60A94-9525-4B09-9432-1F89EB3C17A2}.Release|Any CPU.Build.0 = Release|Any CPU
		{0AC815D8-14F5-4016-B160-0D7743C21B25}.Debug|Any CPU.ActiveCfg = Debug|Any CPU
		{0AC815D8-14F5-4016-B160-0D7743C21B25}.Debug|Any CPU.Build.0 = Debug|Any CPU
		{0AC815D8-14F5-4016-B160-0D7743C21B25}.Release|Any CPU.ActiveCfg = Release|Any CPU
		{0AC815D8-14F5-4016-B160-0D7743C21B25}.Release|Any CPU.Build.0 = Release|Any CPU
		{EB3B0E3A-0785-4239-985F-301E8899EEB5}.Debug|Any CPU.ActiveCfg = Debug|Any CPU
		{EB3B0E3A-0785-4239-985F-301E8899EEB5}.Debug|Any CPU.Build.0 = Debug|Any CPU
		{EB3B0E3A-0785-4239-985F-301E8899EEB5}.Release|Any CPU.ActiveCfg = Release|Any CPU
		{EB3B0E3A-0785-4239-985F-301E8899EEB5}.Release|Any CPU.Build.0 = Release|Any CPU
	EndGlobalSection
	GlobalSection(NestedProjects) = preSolution
		{7DAE0B1D-19CA-499A-A3AF-AC5318FBCD91} = {62157410-A5A9-414B-BAE2-E8B60A33D7C9}
		{62157410-A5A9-414B-BAE2-E8B60A33D7C9} = {2E6AE49F-F644-49FC-BC9B-370EC371FBDA}
		{DD7619C9-6D88-4E87-9723-1CB2E48389F3} = {A569207A-4CD0-4EEA-8604-4DA819F73E32}
		{4CFF426E-2F1B-44E7-B025-4D8E11F7A25C} = {DD7619C9-6D88-4E87-9723-1CB2E48389F3}
		{276083CD-D5C6-412D-9ECD-5C18FEF05C77} = {DD7619C9-6D88-4E87-9723-1CB2E48389F3}
		{DD47442B-4C90-497A-9509-36E6EE84277B} = {DD7619C9-6D88-4E87-9723-1CB2E48389F3}
		{597B6C2D-C697-43CD-A7CF-5CFBC3D0966F} = {DD7619C9-6D88-4E87-9723-1CB2E48389F3}
		{EAD60A94-9525-4B09-9432-1F89EB3C17A2} = {597B6C2D-C697-43CD-A7CF-5CFBC3D0966F}
		{0AC815D8-14F5-4016-B160-0D7743C21B25} = {51A04D9D-4017-4BE8-B0C4-042FEBBDEF69}
		{EB3B0E3A-0785-4239-985F-301E8899EEB5} = {DD7619C9-6D88-4E87-9723-1CB2E48389F3}
	EndGlobalSection
EndGlobal
